// !$*UTF8*$!
{
	archiveVersion = 1;
	classes = {
	};
	objectVersion = 50;
	objects = {

/* Begin PBXBuildFile section */
		D4535B8624035C5E003AA0E7 /* AppDelegate.swift in Sources */ = {isa = PBXBuildFile; fileRef = D4535B8524035C5E003AA0E7 /* AppDelegate.swift */; };
		D4535B8824035C5E003AA0E7 /* SceneDelegate.swift in Sources */ = {isa = PBXBuildFile; fileRef = D4535B8724035C5E003AA0E7 /* SceneDelegate.swift */; };
		D4535B8A24035C5E003AA0E7 /* ViewController.swift in Sources */ = {isa = PBXBuildFile; fileRef = D4535B8924035C5E003AA0E7 /* ViewController.swift */; };
		D4535B8D24035C5E003AA0E7 /* Main.storyboard in Resources */ = {isa = PBXBuildFile; fileRef = D4535B8B24035C5E003AA0E7 /* Main.storyboard */; };
		D4535B8F24035C61003AA0E7 /* Assets.xcassets in Resources */ = {isa = PBXBuildFile; fileRef = D4535B8E24035C61003AA0E7 /* Assets.xcassets */; };
		D4535B9224035C61003AA0E7 /* LaunchScreen.storyboard in Resources */ = {isa = PBXBuildFile; fileRef = D4535B9024035C61003AA0E7 /* LaunchScreen.storyboard */; };
		D4535B9D24035C61003AA0E7 /* ImageFileManagerTests.swift in Sources */ = {isa = PBXBuildFile; fileRef = D4535B9C24035C61003AA0E7 /* ImageFileManagerTests.swift */; };
		D4535BA824035C61003AA0E7 /* ImageFileManagerUITests.swift in Sources */ = {isa = PBXBuildFile; fileRef = D4535BA724035C61003AA0E7 /* ImageFileManagerUITests.swift */; };
		D4535BB624035D0B003AA0E7 /* ImageFileManager.swift in Sources */ = {isa = PBXBuildFile; fileRef = D4535BB524035D0B003AA0E7 /* ImageFileManager.swift */; };
/* End PBXBuildFile section */

/* Begin PBXContainerItemProxy section */
		D4535B9924035C61003AA0E7 /* PBXContainerItemProxy */ = {
			isa = PBXContainerItemProxy;
			containerPortal = D4535B7A24035C5E003AA0E7 /* Project object */;
			proxyType = 1;
			remoteGlobalIDString = D4535B8124035C5E003AA0E7;
			remoteInfo = ImageFileManager;
		};
		D4535BA424035C61003AA0E7 /* PBXContainerItemProxy */ = {
			isa = PBXContainerItemProxy;
			containerPortal = D4535B7A24035C5E003AA0E7 /* Project object */;
			proxyType = 1;
			remoteGlobalIDString = D4535B8124035C5E003AA0E7;
			remoteInfo = ImageFileManager;
		};
/* End PBXContainerItemProxy section */

/* Begin PBXFileReference section */
		D4535B8224035C5E003AA0E7 /* ImageFileManager.app */ = {isa = PBXFileReference; explicitFileType = wrapper.application; includeInIndex = 0; path = ImageFileManager.app; sourceTree = BUILT_PRODUCTS_DIR; };
		D4535B8524035C5E003AA0E7 /* AppDelegate.swift */ = {isa = PBXFileReference; lastKnownFileType = sourcecode.swift; path = AppDelegate.swift; sourceTree = "<group>"; };
		D4535B8724035C5E003AA0E7 /* SceneDelegate.swift */ = {isa = PBXFileReference; lastKnownFileType = sourcecode.swift; path = SceneDelegate.swift; sourceTree = "<group>"; };
		D4535B8924035C5E003AA0E7 /* ViewController.swift */ = {isa = PBXFileReference; lastKnownFileType = sourcecode.swift; path = ViewController.swift; sourceTree = "<group>"; };
		D4535B8C24035C5E003AA0E7 /* Base */ = {isa = PBXFileReference; lastKnownFileType = file.storyboard; name = Base; path = Base.lproj/Main.storyboard; sourceTree = "<group>"; };
		D4535B8E24035C61003AA0E7 /* Assets.xcassets */ = {isa = PBXFileReference; lastKnownFileType = folder.assetcatalog; path = Assets.xcassets; sourceTree = "<group>"; };
		D4535B9124035C61003AA0E7 /* Base */ = {isa = PBXFileReference; lastKnownFileType = file.storyboard; name = Base; path = Base.lproj/LaunchScreen.storyboard; sourceTree = "<group>"; };
		D4535B9324035C61003AA0E7 /* Info.plist */ = {isa = PBXFileReference; lastKnownFileType = text.plist.xml; path = Info.plist; sourceTree = "<group>"; };
		D4535B9824035C61003AA0E7 /* ImageFileManagerTests.xctest */ = {isa = PBXFileReference; explicitFileType = wrapper.cfbundle; includeInIndex = 0; path = ImageFileManagerTests.xctest; sourceTree = BUILT_PRODUCTS_DIR; };
		D4535B9C24035C61003AA0E7 /* ImageFileManagerTests.swift */ = {isa = PBXFileReference; lastKnownFileType = sourcecode.swift; path = ImageFileManagerTests.swift; sourceTree = "<group>"; };
		D4535B9E24035C61003AA0E7 /* Info.plist */ = {isa = PBXFileReference; lastKnownFileType = text.plist.xml; path = Info.plist; sourceTree = "<group>"; };
		D4535BA324035C61003AA0E7 /* ImageFileManagerUITests.xctest */ = {isa = PBXFileReference; explicitFileType = wrapper.cfbundle; includeInIndex = 0; path = ImageFileManagerUITests.xctest; sourceTree = BUILT_PRODUCTS_DIR; };
		D4535BA724035C61003AA0E7 /* ImageFileManagerUITests.swift */ = {isa = PBXFileReference; lastKnownFileType = sourcecode.swift; path = ImageFileManagerUITests.swift; sourceTree = "<group>"; };
		D4535BA924035C61003AA0E7 /* Info.plist */ = {isa = PBXFileReference; lastKnownFileType = text.plist.xml; path = Info.plist; sourceTree = "<group>"; };
		D4535BB524035D0B003AA0E7 /* ImageFileManager.swift */ = {isa = PBXFileReference; lastKnownFileType = sourcecode.swift; path = ImageFileManager.swift; sourceTree = "<group>"; };
/* End PBXFileReference section */

/* Begin PBXFrameworksBuildPhase section */
		D4535B7F24035C5E003AA0E7 /* Frameworks */ = {
			isa = PBXFrameworksBuildPhase;
			buildActionMask = 2147483647;
			files = (
			);
			runOnlyForDeploymentPostprocessing = 0;
		};
		D4535B9524035C61003AA0E7 /* Frameworks */ = {
			isa = PBXFrameworksBuildPhase;
			buildActionMask = 2147483647;
			files = (
			);
			runOnlyForDeploymentPostprocessing = 0;
		};
		D4535BA024035C61003AA0E7 /* Frameworks */ = {
			isa = PBXFrameworksBuildPhase;
			buildActionMask = 2147483647;
			files = (
			);
			runOnlyForDeploymentPostprocessing = 0;
		};
/* End PBXFrameworksBuildPhase section */

/* Begin PBXGroup section */
		D4535B7924035C5E003AA0E7 = {
			isa = PBXGroup;
			children = (
				D4535B8424035C5E003AA0E7 /* ImageFileManager */,
				D4535B9B24035C61003AA0E7 /* ImageFileManagerTests */,
				D4535BA624035C61003AA0E7 /* ImageFileManagerUITests */,
				D4535B8324035C5E003AA0E7 /* Products */,
			);
			sourceTree = "<group>";
		};
		D4535B8324035C5E003AA0E7 /* Products */ = {
			isa = PBXGroup;
			children = (
				D4535B8224035C5E003AA0E7 /* ImageFileManager.app */,
				D4535B9824035C61003AA0E7 /* ImageFileManagerTests.xctest */,
				D4535BA324035C61003AA0E7 /* ImageFileManagerUITests.xctest */,
			);
			name = Products;
			sourceTree = "<group>";
		};
		D4535B8424035C5E003AA0E7 /* ImageFileManager */ = {
			isa = PBXGroup;
			children = (
				D4535B8524035C5E003AA0E7 /* AppDelegate.swift */,
				D4535B8724035C5E003AA0E7 /* SceneDelegate.swift */,
				D4535BB524035D0B003AA0E7 /* ImageFileManager.swift */,
				D4535B8924035C5E003AA0E7 /* ViewController.swift */,
				D4535B8B24035C5E003AA0E7 /* Main.storyboard */,
				D4535B8E24035C61003AA0E7 /* Assets.xcassets */,
				D4535B9024035C61003AA0E7 /* LaunchScreen.storyboard */,
				D4535B9324035C61003AA0E7 /* Info.plist */,
			);
			path = ImageFileManager;
			sourceTree = "<group>";
		};
		D4535B9B24035C61003AA0E7 /* ImageFileManagerTests */ = {
			isa = PBXGroup;
			children = (
				D4535B9C24035C61003AA0E7 /* ImageFileManagerTests.swift */,
				D4535B9E24035C61003AA0E7 /* Info.plist */,
			);
			path = ImageFileManagerTests;
			sourceTree = "<group>";
		};
		D4535BA624035C61003AA0E7 /* ImageFileManagerUITests */ = {
			isa = PBXGroup;
			children = (
				D4535BA724035C61003AA0E7 /* ImageFileManagerUITests.swift */,
				D4535BA924035C61003AA0E7 /* Info.plist */,
			);
			path = ImageFileManagerUITests;
			sourceTree = "<group>";
		};
/* End PBXGroup section */

/* Begin PBXNativeTarget section */
		D4535B8124035C5E003AA0E7 /* ImageFileManager */ = {
			isa = PBXNativeTarget;
			buildConfigurationList = D4535BAC24035C61003AA0E7 /* Build configuration list for PBXNativeTarget "ImageFileManager" */;
			buildPhases = (
				D4535B7E24035C5E003AA0E7 /* Sources */,
				D4535B7F24035C5E003AA0E7 /* Frameworks */,
				D4535B8024035C5E003AA0E7 /* Resources */,
			);
			buildRules = (
			);
			dependencies = (
			);
			name = ImageFileManager;
			productName = ImageFileManager;
			productReference = D4535B8224035C5E003AA0E7 /* ImageFileManager.app */;
			productType = "com.apple.product-type.application";
		};
		D4535B9724035C61003AA0E7 /* ImageFileManagerTests */ = {
			isa = PBXNativeTarget;
			buildConfigurationList = D4535BAF24035C61003AA0E7 /* Build configuration list for PBXNativeTarget "ImageFileManagerTests" */;
			buildPhases = (
				D4535B9424035C61003AA0E7 /* Sources */,
				D4535B9524035C61003AA0E7 /* Frameworks */,
				D4535B9624035C61003AA0E7 /* Resources */,
			);
			buildRules = (
			);
			dependencies = (
				D4535B9A24035C61003AA0E7 /* PBXTargetDependency */,
			);
			name = ImageFileManagerTests;
			productName = ImageFileManagerTests;
			productReference = D4535B9824035C61003AA0E7 /* ImageFileManagerTests.xctest */;
			productType = "com.apple.product-type.bundle.unit-test";
		};
		D4535BA224035C61003AA0E7 /* ImageFileManagerUITests */ = {
			isa = PBXNativeTarget;
			buildConfigurationList = D4535BB224035C61003AA0E7 /* Build configuration list for PBXNativeTarget "ImageFileManagerUITests" */;
			buildPhases = (
				D4535B9F24035C61003AA0E7 /* Sources */,
				D4535BA024035C61003AA0E7 /* Frameworks */,
				D4535BA124035C61003AA0E7 /* Resources */,
			);
			buildRules = (
			);
			dependencies = (
				D4535BA524035C61003AA0E7 /* PBXTargetDependency */,
			);
			name = ImageFileManagerUITests;
			productName = ImageFileManagerUITests;
			productReference = D4535BA324035C61003AA0E7 /* ImageFileManagerUITests.xctest */;
			productType = "com.apple.product-type.bundle.ui-testing";
		};
/* End PBXNativeTarget section */

/* Begin PBXProject section */
		D4535B7A24035C5E003AA0E7 /* Project object */ = {
			isa = PBXProject;
			attributes = {
				LastSwiftUpdateCheck = 1130;
				LastUpgradeCheck = 1130;
				ORGANIZATIONNAME = Yun;
				TargetAttributes = {
					D4535B8124035C5E003AA0E7 = {
						CreatedOnToolsVersion = 11.3.1;
					};
					D4535B9724035C61003AA0E7 = {
						CreatedOnToolsVersion = 11.3.1;
						TestTargetID = D4535B8124035C5E003AA0E7;
					};
					D4535BA224035C61003AA0E7 = {
						CreatedOnToolsVersion = 11.3.1;
						TestTargetID = D4535B8124035C5E003AA0E7;
					};
				};
			};
			buildConfigurationList = D4535B7D24035C5E003AA0E7 /* Build configuration list for PBXProject "ImageFileManager" */;
			compatibilityVersion = "Xcode 9.3";
			developmentRegion = en;
			hasScannedForEncodings = 0;
			knownRegions = (
				en,
				Base,
			);
			mainGroup = D4535B7924035C5E003AA0E7;
			productRefGroup = D4535B8324035C5E003AA0E7 /* Products */;
			projectDirPath = "";
			projectRoot = "";
			targets = (
				D4535B8124035C5E003AA0E7 /* ImageFileManager */,
				D4535B9724035C61003AA0E7 /* ImageFileManagerTests */,
				D4535BA224035C61003AA0E7 /* ImageFileManagerUITests */,
			);
		};
/* End PBXProject section */

/* Begin PBXResourcesBuildPhase section */
		D4535B8024035C5E003AA0E7 /* Resources */ = {
			isa = PBXResourcesBuildPhase;
			buildActionMask = 2147483647;
			files = (
				D4535B9224035C61003AA0E7 /* LaunchScreen.storyboard in Resources */,
				D4535B8F24035C61003AA0E7 /* Assets.xcassets in Resources */,
				D4535B8D24035C5E003AA0E7 /* Main.storyboard in Resources */,
			);
			runOnlyForDeploymentPostprocessing = 0;
		};
		D4535B9624035C61003AA0E7 /* Resources */ = {
			isa = PBXResourcesBuildPhase;
			buildActionMask = 2147483647;
			files = (
			);
			runOnlyForDeploymentPostprocessing = 0;
		};
		D4535BA124035C61003AA0E7 /* Resources */ = {
			isa = PBXResourcesBuildPhase;
			buildActionMask = 2147483647;
			files = (
			);
			runOnlyForDeploymentPostprocessing = 0;
		};
/* End PBXResourcesBuildPhase section */

/* Begin PBXSourcesBuildPhase section */
		D4535B7E24035C5E003AA0E7 /* Sources */ = {
			isa = PBXSourcesBuildPhase;
			buildActionMask = 2147483647;
			files = (
				D4535B8A24035C5E003AA0E7 /* ViewController.swift in Sources */,
				D4535B8624035C5E003AA0E7 /* AppDelegate.swift in Sources */,
				D4535B8824035C5E003AA0E7 /* SceneDelegate.swift in Sources */,
				D4535BB624035D0B003AA0E7 /* ImageFileManager.swift in Sources */,
			);
			runOnlyForDeploymentPostprocessing = 0;
		};
		D4535B9424035C61003AA0E7 /* Sources */ = {
			isa = PBXSourcesBuildPhase;
			buildActionMask = 2147483647;
			files = (
				D4535B9D24035C61003AA0E7 /* ImageFileManagerTests.swift in Sources */,
			);
			runOnlyForDeploymentPostprocessing = 0;
		};
		D4535B9F24035C61003AA0E7 /* Sources */ = {
			isa = PBXSourcesBuildPhase;
			buildActionMask = 2147483647;
			files = (
				D4535BA824035C61003AA0E7 /* ImageFileManagerUITests.swift in Sources */,
			);
			runOnlyForDeploymentPostprocessing = 0;
		};
/* End PBXSourcesBuildPhase section */

/* Begin PBXTargetDependency section */
		D4535B9A24035C61003AA0E7 /* PBXTargetDependency */ = {
			isa = PBXTargetDependency;
			target = D4535B8124035C5E003AA0E7 /* ImageFileManager */;
			targetProxy = D4535B9924035C61003AA0E7 /* PBXContainerItemProxy */;
		};
		D4535BA524035C61003AA0E7 /* PBXTargetDependency */ = {
			isa = PBXTargetDependency;
			target = D4535B8124035C5E003AA0E7 /* ImageFileManager */;
			targetProxy = D4535BA424035C61003AA0E7 /* PBXContainerItemProxy */;
		};
/* End PBXTargetDependency section */

/* Begin PBXVariantGroup section */
		D4535B8B24035C5E003AA0E7 /* Main.storyboard */ = {
			isa = PBXVariantGroup;
			children = (
				D4535B8C24035C5E003AA0E7 /* Base */,
			);
			name = Main.storyboard;
			sourceTree = "<group>";
		};
		D4535B9024035C61003AA0E7 /* LaunchScreen.storyboard */ = {
			isa = PBXVariantGroup;
			children = (
				D4535B9124035C61003AA0E7 /* Base */,
			);
			name = LaunchScreen.storyboard;
			sourceTree = "<group>";
		};
/* End PBXVariantGroup section */

/* Begin XCBuildConfiguration section */
		D4535BAA24035C61003AA0E7 /* Debug */ = {
			isa = XCBuildConfiguration;
			buildSettings = {
				ALWAYS_SEARCH_USER_PATHS = NO;
				CLANG_ANALYZER_NONNULL = YES;
				CLANG_ANALYZER_NUMBER_OBJECT_CONVERSION = YES_AGGRESSIVE;
				CLANG_CXX_LANGUAGE_STANDARD = "gnu++14";
				CLANG_CXX_LIBRARY = "libc++";
				CLANG_ENABLE_MODULES = YES;
				CLANG_ENABLE_OBJC_ARC = YES;
				CLANG_ENABLE_OBJC_WEAK = YES;
				CLANG_WARN_BLOCK_CAPTURE_AUTORELEASING = YES;
				CLANG_WARN_BOOL_CONVERSION = YES;
				CLANG_WARN_COMMA = YES;
				CLANG_WARN_CONSTANT_CONVERSION = YES;
				CLANG_WARN_DEPRECATED_OBJC_IMPLEMENTATIONS = YES;
				CLANG_WARN_DIRECT_OBJC_ISA_USAGE = YES_ERROR;
				CLANG_WARN_DOCUMENTATION_COMMENTS = YES;
				CLANG_WARN_EMPTY_BODY = YES;
				CLANG_WARN_ENUM_CONVERSION = YES;
				CLANG_WARN_INFINITE_RECURSION = YES;
				CLANG_WARN_INT_CONVERSION = YES;
				CLANG_WARN_NON_LITERAL_NULL_CONVERSION = YES;
				CLANG_WARN_OBJC_IMPLICIT_RETAIN_SELF = YES;
				CLANG_WARN_OBJC_LITERAL_CONVERSION = YES;
				CLANG_WARN_OBJC_ROOT_CLASS = YES_ERROR;
				CLANG_WARN_RANGE_LOOP_ANALYSIS = YES;
				CLANG_WARN_STRICT_PROTOTYPES = YES;
				CLANG_WARN_SUSPICIOUS_MOVE = YES;
				CLANG_WARN_UNGUARDED_AVAILABILITY = YES_AGGRESSIVE;
				CLANG_WARN_UNREACHABLE_CODE = YES;
				CLANG_WARN__DUPLICATE_METHOD_MATCH = YES;
				COPY_PHASE_STRIP = NO;
				DEBUG_INFORMATION_FORMAT = dwarf;
				ENABLE_STRICT_OBJC_MSGSEND = YES;
				ENABLE_TESTABILITY = YES;
				GCC_C_LANGUAGE_STANDARD = gnu11;
				GCC_DYNAMIC_NO_PIC = NO;
				GCC_NO_COMMON_BLOCKS = YES;
				GCC_OPTIMIZATION_LEVEL = 0;
				GCC_PREPROCESSOR_DEFINITIONS = (
					"DEBUG=1",
					"$(inherited)",
				);
				GCC_WARN_64_TO_32_BIT_CONVERSION = YES;
				GCC_WARN_ABOUT_RETURN_TYPE = YES_ERROR;
				GCC_WARN_UNDECLARED_SELECTOR = YES;
				GCC_WARN_UNINITIALIZED_AUTOS = YES_AGGRESSIVE;
				GCC_WARN_UNUSED_FUNCTION = YES;
				GCC_WARN_UNUSED_VARIABLE = YES;
				IPHONEOS_DEPLOYMENT_TARGET = 13.2;
				MTL_ENABLE_DEBUG_INFO = INCLUDE_SOURCE;
				MTL_FAST_MATH = YES;
				ONLY_ACTIVE_ARCH = YES;
				SDKROOT = iphoneos;
				SWIFT_ACTIVE_COMPILATION_CONDITIONS = DEBUG;
				SWIFT_OPTIMIZATION_LEVEL = "-Onone";
			};
			name = Debug;
		};
		D4535BAB24035C61003AA0E7 /* Release */ = {
			isa = XCBuildConfiguration;
			buildSettings = {
				ALWAYS_SEARCH_USER_PATHS = NO;
				CLANG_ANALYZER_NONNULL = YES;
				CLANG_ANALYZER_NUMBER_OBJECT_CONVERSION = YES_AGGRESSIVE;
				CLANG_CXX_LANGUAGE_STANDARD = "gnu++14";
				CLANG_CXX_LIBRARY = "libc++";
				CLANG_ENABLE_MODULES = YES;
				CLANG_ENABLE_OBJC_ARC = YES;
				CLANG_ENABLE_OBJC_WEAK = YES;
				CLANG_WARN_BLOCK_CAPTURE_AUTORELEASING = YES;
				CLANG_WARN_BOOL_CONVERSION = YES;
				CLANG_WARN_COMMA = YES;
				CLANG_WARN_CONSTANT_CONVERSION = YES;
				CLANG_WARN_DEPRECATED_OBJC_IMPLEMENTATIONS = YES;
				CLANG_WARN_DIRECT_OBJC_ISA_USAGE = YES_ERROR;
				CLANG_WARN_DOCUMENTATION_COMMENTS = YES;
				CLANG_WARN_EMPTY_BODY = YES;
				CLANG_WARN_ENUM_CONVERSION = YES;
				CLANG_WARN_INFINITE_RECURSION = YES;
				CLANG_WARN_INT_CONVERSION = YES;
				CLANG_WARN_NON_LITERAL_NULL_CONVERSION = YES;
				CLANG_WARN_OBJC_IMPLICIT_RETAIN_SELF = YES;
				CLANG_WARN_OBJC_LITERAL_CONVERSION = YES;
				CLANG_WARN_OBJC_ROOT_CLASS = YES_ERROR;
				CLANG_WARN_RANGE_LOOP_ANALYSIS = YES;
				CLANG_WARN_STRICT_PROTOTYPES = YES;
				CLANG_WARN_SUSPICIOUS_MOVE = YES;
				CLANG_WARN_UNGUARDED_AVAILABILITY = YES_AGGRESSIVE;
				CLANG_WARN_UNREACHABLE_CODE = YES;
				CLANG_WARN__DUPLICATE_METHOD_MATCH = YES;
				COPY_PHASE_STRIP = NO;
				DEBUG_INFORMATION_FORMAT = "dwarf-with-dsym";
				ENABLE_NS_ASSERTIONS = NO;
				ENABLE_STRICT_OBJC_MSGSEND = YES;
				GCC_C_LANGUAGE_STANDARD = gnu11;
				GCC_NO_COMMON_BLOCKS = YES;
				GCC_WARN_64_TO_32_BIT_CONVERSION = YES;
				GCC_WARN_ABOUT_RETURN_TYPE = YES_ERROR;
				GCC_WARN_UNDECLARED_SELECTOR = YES;
				GCC_WARN_UNINITIALIZED_AUTOS = YES_AGGRESSIVE;
				GCC_WARN_UNUSED_FUNCTION = YES;
				GCC_WARN_UNUSED_VARIABLE = YES;
				IPHONEOS_DEPLOYMENT_TARGET = 13.2;
				MTL_ENABLE_DEBUG_INFO = NO;
				MTL_FAST_MATH = YES;
				SDKROOT = iphoneos;
				SWIFT_COMPILATION_MODE = wholemodule;
				SWIFT_OPTIMIZATION_LEVEL = "-O";
				VALIDATE_PRODUCT = YES;
			};
			name = Release;
		};
		D4535BAD24035C61003AA0E7 /* Debug */ = {
			isa = XCBuildConfiguration;
			buildSettings = {
				ASSETCATALOG_COMPILER_APPICON_NAME = AppIcon;
				CODE_SIGN_STYLE = Automatic;
				DEVELOPMENT_TEAM = P5P5399747;
				INFOPLIST_FILE = ImageFileManager/Info.plist;
				LD_RUNPATH_SEARCH_PATHS = (
					"$(inherited)",
					"@executable_path/Frameworks",
				);
				PRODUCT_BUNDLE_IDENTIFIER = com.hanulyun.ImageFileManager;
				PRODUCT_NAME = "$(TARGET_NAME)";
				SWIFT_VERSION = 5.0;
				TARGETED_DEVICE_FAMILY = "1,2";
			};
			name = Debug;
		};
		D4535BAE24035C61003AA0E7 /* Release */ = {
			isa = XCBuildConfiguration;
			buildSettings = {
				ASSETCATALOG_COMPILER_APPICON_NAME = AppIcon;
				CODE_SIGN_STYLE = Automatic;
				DEVELOPMENT_TEAM = P5P5399747;
				INFOPLIST_FILE = ImageFileManager/Info.plist;
				LD_RUNPATH_SEARCH_PATHS = (
					"$(inherited)",
					"@executable_path/Frameworks",
				);
				PRODUCT_BUNDLE_IDENTIFIER = com.hanulyun.ImageFileManager;
				PRODUCT_NAME = "$(TARGET_NAME)";
				SWIFT_VERSION = 5.0;
				TARGETED_DEVICE_FAMILY = "1,2";
			};
			name = Release;
		};
		D4535BB024035C61003AA0E7 /* Debug */ = {
			isa = XCBuildConfiguration;
			buildSettings = {
				ALWAYS_EMBED_SWIFT_STANDARD_LIBRARIES = YES;
				BUNDLE_LOADER = "$(TEST_HOST)";
				CODE_SIGN_STYLE = Automatic;
				DEVELOPMENT_TEAM = P5P5399747;
				INFOPLIST_FILE = ImageFileManagerTests/Info.plist;
				IPHONEOS_DEPLOYMENT_TARGET = 13.2;
				LD_RUNPATH_SEARCH_PATHS = (
					"$(inherited)",
					"@executable_path/Frameworks",
					"@loader_path/Frameworks",
				);
				PRODUCT_BUNDLE_IDENTIFIER = com.hanulyun.ImageFileManagerTests;
				PRODUCT_NAME = "$(TARGET_NAME)";
				SWIFT_VERSION = 5.0;
				TARGETED_DEVICE_FAMILY = "1,2";
				TEST_HOST = "$(BUILT_PRODUCTS_DIR)/ImageFileManager.app/ImageFileManager";
			};
			name = Debug;
		};
		D4535BB124035C61003AA0E7 /* Release */ = {
			isa = XCBuildConfiguration;
			buildSettings = {
				ALWAYS_EMBED_SWIFT_STANDARD_LIBRARIES = YES;
				BUNDLE_LOADER = "$(TEST_HOST)";
				CODE_SIGN_STYLE = Automatic;
				DEVELOPMENT_TEAM = P5P5399747;
				INFOPLIST_FILE = ImageFileManagerTests/Info.plist;
				IPHONEOS_DEPLOYMENT_TARGET = 13.2;
				LD_RUNPATH_SEARCH_PATHS = (
					"$(inherited)",
					"@executable_path/Frameworks",
					"@loader_path/Frameworks",
				);
				PRODUCT_BUNDLE_IDENTIFIER = com.hanulyun.ImageFileManagerTests;
				PRODUCT_NAME = "$(TARGET_NAME)";
				SWIFT_VERSION = 5.0;
				TARGETED_DEVICE_FAMILY = "1,2";
				TEST_HOST = "$(BUILT_PRODUCTS_DIR)/ImageFileManager.app/ImageFileManager";
			};
			name = Release;
		};
		D4535BB324035C61003AA0E7 /* Debug */ = {
			isa = XCBuildConfiguration;
			buildSettings = {
				ALWAYS_EMBED_SWIFT_STANDARD_LIBRARIES = YES;
				CODE_SIGN_STYLE = Automatic;
				DEVELOPMENT_TEAM = P5P5399747;
				INFOPLIST_FILE = ImageFileManagerUITests/Info.plist;
				LD_RUNPATH_SEARCH_PATHS = (
					"$(inherited)",
					"@executable_path/Frameworks",
					"@loader_path/Frameworks",
				);
				PRODUCT_BUNDLE_IDENTIFIER = com.hanulyun.ImageFileManagerUITests;
				PRODUCT_NAME = "$(TARGET_NAME)";
				SWIFT_VERSION = 5.0;
				TARGETED_DEVICE_FAMILY = "1,2";
				TEST_TARGET_NAME = ImageFileManager;
			};
			name = Debug;
		};
		D4535BB424035C61003AA0E7 /* Release */ = {
			isa = XCBuildConfiguration;
			buildSettings = {
				ALWAYS_EMBED_SWIFT_STANDARD_LIBRARIES = YES;
				CODE_SIGN_STYLE = Automatic;
				DEVELOPMENT_TEAM = P5P5399747;
				INFOPLIST_FILE = ImageFileManagerUITests/Info.plist;
				LD_RUNPATH_SEARCH_PATHS = (
					"$(inherited)",
					"@executable_path/Frameworks",
					"@loader_path/Frameworks",
				);
				PRODUCT_BUNDLE_IDENTIFIER = com.hanulyun.ImageFileManagerUITests;
				PRODUCT_NAME = "$(TARGET_NAME)";
				SWIFT_VERSION = 5.0;
				TARGETED_DEVICE_FAMILY = "1,2";
				TEST_TARGET_NAME = ImageFileManager;
			};
			name = Release;
		};
/* End XCBuildConfiguration section */

/* Begin XCConfigurationList section */
		D4535B7D24035C5E003AA0E7 /* Build configuration list for PBXProject "ImageFileManager" */ = {
			isa = XCConfigurationList;
			buildConfigurations = (
				D4535BAA24035C61003AA0E7 /* Debug */,
				D4535BAB24035C61003AA0E7 /* Release */,
			);
			defaultConfigurationIsVisible = 0;
			defaultConfigurationName = Release;
		};
		D4535BAC24035C61003AA0E7 /* Build configuration list for PBXNativeTarget "ImageFileManager" */ = {
			isa = XCConfigurationList;
			buildConfigurations = (
				D4535BAD24035C61003AA0E7 /* Debug */,
				D4535BAE24035C61003AA0E7 /* Release */,
			);
			defaultConfigurationIsVisible = 0;
			defaultConfigurationName = Release;
		};
		D4535BAF24035C61003AA0E7 /* Build configuration list for PBXNativeTarget "ImageFileManagerTests" */ = {
			isa = XCConfigurationList;
			buildConfigurations = (
				D4535BB024035C61003AA0E7 /* Debug */,
				D4535BB124035C61003AA0E7 /* Release */,
			);
			defaultConfigurationIsVisible = 0;
			defaultConfigurationName = Release;
		};
		D4535BB224035C61003AA0E7 /* Build configuration list for PBXNativeTarget "ImageFileManagerUITests" */ = {
			isa = XCConfigurationList;
			buildConfigurations = (
				D4535BB324035C61003AA0E7 /* Debug */,
				D4535BB424035C61003AA0E7 /* Release */,
			);
			defaultConfigurationIsVisible = 0;
			defaultConfigurationName = Release;
		};
/* End XCConfigurationList section */
	};
	rootObject = D4535B7A24035C5E003AA0E7 /* Project object */;
}
